
Microsoft Visual Studio Solution File, Format Version 12.00
# Visual Studio Version 17
VisualStudioVersion = 17.12.35521.163
MinimumVisualStudioVersion = 10.0.40219.1
Project("{FAE04EC0-301F-11D3-BF4B-00C04F79EFBC}") = "SOLIDPrinciples", "SOLIDPrinciples\SOLIDPrinciples.csproj", "{5BA807A5-BE75-471E-8E64-3324B8F0F1C0}"
EndProject
Project("{FAE04EC0-301F-11D3-BF4B-00C04F79EFBC}") = "AsyncProgramming", "AsyncProgramming\AsyncProgramming.csproj", "{D361F89C-5973-4509-ADB7-0822D0FAD7C7}"
EndProject
Project("{FAE04EC0-301F-11D3-BF4B-00C04F79EFBC}") = "WebAPI", "WebAPI\WebAPI.csproj", "{096695C1-DE66-4C9D-AFC4-2F6718009BB8}"
EndProject
Global
	GlobalSection(SolutionConfigurationPlatforms) = preSolution
		Debug|Any CPU = Debug|Any CPU
		Release|Any CPU = Release|Any CPU
	EndGlobalSection
	GlobalSection(ProjectConfigurationPlatforms) = postSolution
		{5BA807A5-BE75-471E-8E64-3324B8F0F1C0}.Debug|Any CPU.ActiveCfg = Debug|Any CPU
		{5BA807A5-BE75-471E-8E64-3324B8F0F1C0}.Debug|Any CPU.Build.0 = Debug|Any CPU
		{5BA807A5-BE75-471E-8E64-3324B8F0F1C0}.Release|Any CPU.ActiveCfg = Release|Any CPU
		{5BA807A5-BE75-471E-8E64-3324B8F0F1C0}.Release|Any CPU.Build.0 = Release|Any CPU
		{D361F89C-5973-4509-ADB7-0822D0FAD7C7}.Debug|Any CPU.ActiveCfg = Debug|Any CPU
		{D361F89C-5973-4509-ADB7-0822D0FAD7C7}.Debug|Any CPU.Build.0 = Debug|Any CPU
		{D361F89C-5973-4509-ADB7-0822D0FAD7C7}.Release|Any CPU.ActiveCfg = Release|Any CPU
		{D361F89C-5973-4509-ADB7-0822D0FAD7C7}.Release|Any CPU.Build.0 = Release|Any CPU
		{096695C1-DE66-4C9D-AFC4-2F6718009BB8}.Debug|Any CPU.ActiveCfg = Debug|Any CPU
		{096695C1-DE66-4C9D-AFC4-2F6718009BB8}.Debug|Any CPU.Build.0 = Debug|Any CPU
		{096695C1-DE66-4C9D-AFC4-2F6718009BB8}.Release|Any CPU.ActiveCfg = Release|Any CPU
		{096695C1-DE66-4C9D-AFC4-2F6718009BB8}.Release|Any CPU.Build.0 = Release|Any CPU
	EndGlobalSection
	GlobalSection(SolutionProperties) = preSolution
		HideSolutionNode = FALSE
	EndGlobalSection
EndGlobal
